// !$*UTF8*$!
{
	archiveVersion = 1;
	classes = {
	};
	objectVersion = 46;
	objects = {

/* Begin PBXBuildFile section */
		17B4B3BA18EA478600C737EA /* Foundation.framework in Frameworks */ = {isa = PBXBuildFile; fileRef = 17B4B3B918EA478600C737EA /* Foundation.framework */; };
		17B4B3BC18EA478600C737EA /* CoreGraphics.framework in Frameworks */ = {isa = PBXBuildFile; fileRef = 17B4B3BB18EA478600C737EA /* CoreGraphics.framework */; };
		17B4B3BE18EA478600C737EA /* UIKit.framework in Frameworks */ = {isa = PBXBuildFile; fileRef = 17B4B3BD18EA478600C737EA /* UIKit.framework */; };
		17B4B3C418EA478600C737EA /* InfoPlist.strings in Resources */ = {isa = PBXBuildFile; fileRef = 17B4B3C218EA478600C737EA /* InfoPlist.strings */; };
		17B4B3C618EA478600C737EA /* main.m in Sources */ = {isa = PBXBuildFile; fileRef = 17B4B3C518EA478600C737EA /* main.m */; };
		17B4B3CA18EA478600C737EA /* HHAppDelegate.m in Sources */ = {isa = PBXBuildFile; fileRef = 17B4B3C918EA478600C737EA /* HHAppDelegate.m */; };
		17B4B3CD18EA478600C737EA /* Main.storyboard in Resources */ = {isa = PBXBuildFile; fileRef = 17B4B3CB18EA478600C737EA /* Main.storyboard */; };
		17B4B3D518EA478600C737EA /* Images.xcassets in Resources */ = {isa = PBXBuildFile; fileRef = 17B4B3D418EA478600C737EA /* Images.xcassets */; };
		17B4B3DC18EA478600C737EA /* XCTest.framework in Frameworks */ = {isa = PBXBuildFile; fileRef = 17B4B3DB18EA478600C737EA /* XCTest.framework */; };
		17B4B3DD18EA478600C737EA /* Foundation.framework in Frameworks */ = {isa = PBXBuildFile; fileRef = 17B4B3B918EA478600C737EA /* Foundation.framework */; };
		17B4B3DE18EA478600C737EA /* UIKit.framework in Frameworks */ = {isa = PBXBuildFile; fileRef = 17B4B3BD18EA478600C737EA /* UIKit.framework */; };
		17B4B3E618EA478600C737EA /* InfoPlist.strings in Resources */ = {isa = PBXBuildFile; fileRef = 17B4B3E418EA478600C737EA /* InfoPlist.strings */; };
		17B4B3E818EA478600C737EA /* LocationNotesTests.m in Sources */ = {isa = PBXBuildFile; fileRef = 17B4B3E718EA478600C737EA /* LocationNotesTests.m */; };
		17B4B3F918ECEDF700C737EA /* Note.xcdatamodeld in Sources */ = {isa = PBXBuildFile; fileRef = 17B4B3F718ECEDF700C737EA /* Note.xcdatamodeld */; };
		17B4B3FC18ECEE8200C737EA /* Note.m in Sources */ = {isa = PBXBuildFile; fileRef = 17B4B3FB18ECEE8200C737EA /* Note.m */; };
		17B4B3FF18ECF2AB00C737EA /* HHMapViewController.m in Sources */ = {isa = PBXBuildFile; fileRef = 17B4B3FE18ECF2AB00C737EA /* HHMapViewController.m */; };
		17B4B40518ECF95700C737EA /* HHNewNoteViewController.m in Sources */ = {isa = PBXBuildFile; fileRef = 17B4B40418ECF95700C737EA /* HHNewNoteViewController.m */; };
		17B4B40818EF468B00C737EA /* HHNote.m in Sources */ = {isa = PBXBuildFile; fileRef = 17B4B40718EF468B00C737EA /* HHNote.m */; };
		17B4B40B18EF7C7300C737EA /* HHNoteViewController.m in Sources */ = {isa = PBXBuildFile; fileRef = 17B4B40A18EF7C7300C737EA /* HHNoteViewController.m */; };
/* End PBXBuildFile section */

/* Begin PBXContainerItemProxy section */
		17B4B3DF18EA478600C737EA /* PBXContainerItemProxy */ = {
			isa = PBXContainerItemProxy;
			containerPortal = 17B4B3AE18EA478600C737EA /* Project object */;
			proxyType = 1;
			remoteGlobalIDString = 17B4B3B518EA478600C737EA;
			remoteInfo = LocationNotes;
		};
/* End PBXContainerItemProxy section */

/* Begin PBXFileReference section */
		17B4B3B618EA478600C737EA /* LocationNotes.app */ = {isa = PBXFileReference; explicitFileType = wrapper.application; includeInIndex = 0; path = LocationNotes.app; sourceTree = BUILT_PRODUCTS_DIR; };
		17B4B3B918EA478600C737EA /* Foundation.framework */ = {isa = PBXFileReference; lastKnownFileType = wrapper.framework; name = Foundation.framework; path = System/Library/Frameworks/Foundation.framework; sourceTree = SDKROOT; };
		17B4B3BB18EA478600C737EA /* CoreGraphics.framework */ = {isa = PBXFileReference; lastKnownFileType = wrapper.framework; name = CoreGraphics.framework; path = System/Library/Frameworks/CoreGraphics.framework; sourceTree = SDKROOT; };
		17B4B3BD18EA478600C737EA /* UIKit.framework */ = {isa = PBXFileReference; lastKnownFileType = wrapper.framework; name = UIKit.framework; path = System/Library/Frameworks/UIKit.framework; sourceTree = SDKROOT; };
		17B4B3C118EA478600C737EA /* LocationNotes-Info.plist */ = {isa = PBXFileReference; lastKnownFileType = text.plist.xml; path = "LocationNotes-Info.plist"; sourceTree = "<group>"; };
		17B4B3C318EA478600C737EA /* en */ = {isa = PBXFileReference; lastKnownFileType = text.plist.strings; name = en; path = en.lproj/InfoPlist.strings; sourceTree = "<group>"; };
		17B4B3C518EA478600C737EA /* main.m */ = {isa = PBXFileReference; lastKnownFileType = sourcecode.c.objc; path = main.m; sourceTree = "<group>"; };
		17B4B3C718EA478600C737EA /* LocationNotes-Prefix.pch */ = {isa = PBXFileReference; lastKnownFileType = sourcecode.c.h; path = "LocationNotes-Prefix.pch"; sourceTree = "<group>"; };
		17B4B3C818EA478600C737EA /* HHAppDelegate.h */ = {isa = PBXFileReference; lastKnownFileType = sourcecode.c.h; path = HHAppDelegate.h; sourceTree = "<group>"; };
		17B4B3C918EA478600C737EA /* HHAppDelegate.m */ = {isa = PBXFileReference; lastKnownFileType = sourcecode.c.objc; path = HHAppDelegate.m; sourceTree = "<group>"; };
		17B4B3CC18EA478600C737EA /* Base */ = {isa = PBXFileReference; lastKnownFileType = file.storyboard; name = Base; path = Base.lproj/Main.storyboard; sourceTree = "<group>"; };
		17B4B3D418EA478600C737EA /* Images.xcassets */ = {isa = PBXFileReference; lastKnownFileType = folder.assetcatalog; path = Images.xcassets; sourceTree = "<group>"; };
		17B4B3DA18EA478600C737EA /* LocationNotesTests.xctest */ = {isa = PBXFileReference; explicitFileType = wrapper.cfbundle; includeInIndex = 0; path = LocationNotesTests.xctest; sourceTree = BUILT_PRODUCTS_DIR; };
		17B4B3DB18EA478600C737EA /* XCTest.framework */ = {isa = PBXFileReference; lastKnownFileType = wrapper.framework; name = XCTest.framework; path = Library/Frameworks/XCTest.framework; sourceTree = DEVELOPER_DIR; };
		17B4B3E318EA478600C737EA /* LocationNotesTests-Info.plist */ = {isa = PBXFileReference; lastKnownFileType = text.plist.xml; path = "LocationNotesTests-Info.plist"; sourceTree = "<group>"; };
		17B4B3E518EA478600C737EA /* en */ = {isa = PBXFileReference; lastKnownFileType = text.plist.strings; name = en; path = en.lproj/InfoPlist.strings; sourceTree = "<group>"; };
		17B4B3E718EA478600C737EA /* LocationNotesTests.m */ = {isa = PBXFileReference; lastKnownFileType = sourcecode.c.objc; path = LocationNotesTests.m; sourceTree = "<group>"; };
		17B4B3F818ECEDF700C737EA /* Note.xcdatamodel */ = {isa = PBXFileReference; lastKnownFileType = wrapper.xcdatamodel; path = Note.xcdatamodel; sourceTree = "<group>"; };
		17B4B3FA18ECEE8100C737EA /* Note.h */ = {isa = PBXFileReference; fileEncoding = 4; lastKnownFileType = sourcecode.c.h; path = Note.h; sourceTree = "<group>"; };
		17B4B3FB18ECEE8200C737EA /* Note.m */ = {isa = PBXFileReference; fileEncoding = 4; lastKnownFileType = sourcecode.c.objc; path = Note.m; sourceTree = "<group>"; };
		17B4B3FD18ECF2AB00C737EA /* HHMapViewController.h */ = {isa = PBXFileReference; fileEncoding = 4; lastKnownFileType = sourcecode.c.h; path = HHMapViewController.h; sourceTree = "<group>"; };
		17B4B3FE18ECF2AB00C737EA /* HHMapViewController.m */ = {isa = PBXFileReference; fileEncoding = 4; lastKnownFileType = sourcecode.c.objc; path = HHMapViewController.m; sourceTree = "<group>"; };
		17B4B40318ECF95700C737EA /* HHNewNoteViewController.h */ = {isa = PBXFileReference; fileEncoding = 4; lastKnownFileType = sourcecode.c.h; name = HHNewNoteViewController.h; path = ../HHNewNoteViewController.h; sourceTree = "<group>"; };
		17B4B40418ECF95700C737EA /* HHNewNoteViewController.m */ = {isa = PBXFileReference; fileEncoding = 4; lastKnownFileType = sourcecode.c.objc; name = HHNewNoteViewController.m; path = ../HHNewNoteViewController.m; sourceTree = "<group>"; };
		17B4B40618EF468B00C737EA /* HHNote.h */ = {isa = PBXFileReference; fileEncoding = 4; lastKnownFileType = sourcecode.c.h; path = HHNote.h; sourceTree = "<group>"; };
		17B4B40718EF468B00C737EA /* HHNote.m */ = {isa = PBXFileReference; fileEncoding = 4; lastKnownFileType = sourcecode.c.objc; path = HHNote.m; sourceTree = "<group>"; };
		17B4B40918EF7C7300C737EA /* HHNoteViewController.h */ = {isa = PBXFileReference; fileEncoding = 4; lastKnownFileType = sourcecode.c.h; path = HHNoteViewController.h; sourceTree = "<group>"; };
		17B4B40A18EF7C7300C737EA /* HHNoteViewController.m */ = {isa = PBXFileReference; fileEncoding = 4; lastKnownFileType = sourcecode.c.objc; path = HHNoteViewController.m; sourceTree = "<group>"; };
/* End PBXFileReference section */

/* Begin PBXFrameworksBuildPhase section */
		17B4B3B318EA478600C737EA /* Frameworks */ = {
			isa = PBXFrameworksBuildPhase;
			buildActionMask = 2147483647;
			files = (
				17B4B3BC18EA478600C737EA /* CoreGraphics.framework in Frameworks */,
				17B4B3BE18EA478600C737EA /* UIKit.framework in Frameworks */,
				17B4B3BA18EA478600C737EA /* Foundation.framework in Frameworks */,
			);
			runOnlyForDeploymentPostprocessing = 0;
		};
		17B4B3D718EA478600C737EA /* Frameworks */ = {
			isa = PBXFrameworksBuildPhase;
			buildActionMask = 2147483647;
			files = (
				17B4B3DC18EA478600C737EA /* XCTest.framework in Frameworks */,
				17B4B3DE18EA478600C737EA /* UIKit.framework in Frameworks */,
				17B4B3DD18EA478600C737EA /* Foundation.framework in Frameworks */,
			);
			runOnlyForDeploymentPostprocessing = 0;
		};
/* End PBXFrameworksBuildPhase section */

/* Begin PBXGroup section */
		17B4B3AD18EA478600C737EA = {
			isa = PBXGroup;
			children = (
				17B4B3BF18EA478600C737EA /* LocationNotes */,
				17B4B3E118EA478600C737EA /* LocationNotesTests */,
				17B4B3B818EA478600C737EA /* Frameworks */,
				17B4B3B718EA478600C737EA /* Products */,
			);
			sourceTree = "<group>";
		};
		17B4B3B718EA478600C737EA /* Products */ = {
			isa = PBXGroup;
			children = (
				17B4B3B618EA478600C737EA /* LocationNotes.app */,
				17B4B3DA18EA478600C737EA /* LocationNotesTests.xctest */,
			);
			name = Products;
			sourceTree = "<group>";
		};
		17B4B3B818EA478600C737EA /* Frameworks */ = {
			isa = PBXGroup;
			children = (
				17B4B3B918EA478600C737EA /* Foundation.framework */,
				17B4B3BB18EA478600C737EA /* CoreGraphics.framework */,
				17B4B3BD18EA478600C737EA /* UIKit.framework */,
				17B4B3DB18EA478600C737EA /* XCTest.framework */,
			);
			name = Frameworks;
			sourceTree = "<group>";
		};
		17B4B3BF18EA478600C737EA /* LocationNotes */ = {
			isa = PBXGroup;
			children = (
				17B4B3CB18EA478600C737EA /* Main.storyboard */,
				17B4B3C818EA478600C737EA /* HHAppDelegate.h */,
				17B4B3C918EA478600C737EA /* HHAppDelegate.m */,
				17B4B3FD18ECF2AB00C737EA /* HHMapViewController.h */,
				17B4B3FE18ECF2AB00C737EA /* HHMapViewController.m */,
				17B4B40318ECF95700C737EA /* HHNewNoteViewController.h */,
				17B4B40418ECF95700C737EA /* HHNewNoteViewController.m */,
				17B4B40918EF7C7300C737EA /* HHNoteViewController.h */,
				17B4B40A18EF7C7300C737EA /* HHNoteViewController.m */,
				17B4B3F718ECEDF700C737EA /* Note.xcdatamodeld */,
				17B4B3FA18ECEE8100C737EA /* Note.h */,
				17B4B3FB18ECEE8200C737EA /* Note.m */,
				17B4B40618EF468B00C737EA /* HHNote.h */,
				17B4B40718EF468B00C737EA /* HHNote.m */,
				17B4B3D418EA478600C737EA /* Images.xcassets */,
				17B4B3C018EA478600C737EA /* Supporting Files */,
			);
			path = LocationNotes;
			sourceTree = "<group>";
		};
		17B4B3C018EA478600C737EA /* Supporting Files */ = {
			isa = PBXGroup;
			children = (
				17B4B3C118EA478600C737EA /* LocationNotes-Info.plist */,
				17B4B3C218EA478600C737EA /* InfoPlist.strings */,
				17B4B3C518EA478600C737EA /* main.m */,
				17B4B3C718EA478600C737EA /* LocationNotes-Prefix.pch */,
			);
			name = "Supporting Files";
			sourceTree = "<group>";
		};
		17B4B3E118EA478600C737EA /* LocationNotesTests */ = {
			isa = PBXGroup;
			children = (
				17B4B3E718EA478600C737EA /* LocationNotesTests.m */,
				17B4B3E218EA478600C737EA /* Supporting Files */,
			);
			path = LocationNotesTests;
			sourceTree = "<group>";
		};
		17B4B3E218EA478600C737EA /* Supporting Files */ = {
			isa = PBXGroup;
			children = (
				17B4B3E318EA478600C737EA /* LocationNotesTests-Info.plist */,
				17B4B3E418EA478600C737EA /* InfoPlist.strings */,
			);
			name = "Supporting Files";
			sourceTree = "<group>";
		};
/* End PBXGroup section */

/* Begin PBXNativeTarget section */
		17B4B3B518EA478600C737EA /* LocationNotes */ = {
			isa = PBXNativeTarget;
			buildConfigurationList = 17B4B3EB18EA478600C737EA /* Build configuration list for PBXNativeTarget "LocationNotes" */;
			buildPhases = (
				17B4B3B218EA478600C737EA /* Sources */,
				17B4B3B318EA478600C737EA /* Frameworks */,
				17B4B3B418EA478600C737EA /* Resources */,
			);
			buildRules = (
			);
			dependencies = (
			);
			name = LocationNotes;
			productName = LocationNotes;
			productReference = 17B4B3B618EA478600C737EA /* LocationNotes.app */;
			productType = "com.apple.product-type.application";
		};
		17B4B3D918EA478600C737EA /* LocationNotesTests */ = {
			isa = PBXNativeTarget;
			buildConfigurationList = 17B4B3EE18EA478600C737EA /* Build configuration list for PBXNativeTarget "LocationNotesTests" */;
			buildPhases = (
				17B4B3D618EA478600C737EA /* Sources */,
				17B4B3D718EA478600C737EA /* Frameworks */,
				17B4B3D818EA478600C737EA /* Resources */,
			);
			buildRules = (
			);
			dependencies = (
				17B4B3E018EA478600C737EA /* PBXTargetDependency */,
			);
			name = LocationNotesTests;
			productName = LocationNotesTests;
			productReference = 17B4B3DA18EA478600C737EA /* LocationNotesTests.xctest */;
			productType = "com.apple.product-type.bundle.unit-test";
		};
/* End PBXNativeTarget section */

/* Begin PBXProject section */
		17B4B3AE18EA478600C737EA /* Project object */ = {
			isa = PBXProject;
			attributes = {
				CLASSPREFIX = HH;
				LastUpgradeCheck = 0500;
				ORGANIZATIONNAME = HunterHorsley;
				TargetAttributes = {
					17B4B3D918EA478600C737EA = {
						TestTargetID = 17B4B3B518EA478600C737EA;
					};
				};
			};
			buildConfigurationList = 17B4B3B118EA478600C737EA /* Build configuration list for PBXProject "LocationNotes" */;
			compatibilityVersion = "Xcode 3.2";
			developmentRegion = English;
			hasScannedForEncodings = 0;
			knownRegions = (
				en,
				Base,
			);
			mainGroup = 17B4B3AD18EA478600C737EA;
			productRefGroup = 17B4B3B718EA478600C737EA /* Products */;
			projectDirPath = "";
			projectRoot = "";
			targets = (
				17B4B3B518EA478600C737EA /* LocationNotes */,
				17B4B3D918EA478600C737EA /* LocationNotesTests */,
			);
		};
/* End PBXProject section */

/* Begin PBXResourcesBuildPhase section */
		17B4B3B418EA478600C737EA /* Resources */ = {
			isa = PBXResourcesBuildPhase;
			buildActionMask = 2147483647;
			files = (
				17B4B3D518EA478600C737EA /* Images.xcassets in Resources */,
				17B4B3C418EA478600C737EA /* InfoPlist.strings in Resources */,
				17B4B3CD18EA478600C737EA /* Main.storyboard in Resources */,
			);
			runOnlyForDeploymentPostprocessing = 0;
		};
		17B4B3D818EA478600C737EA /* Resources */ = {
			isa = PBXResourcesBuildPhase;
			buildActionMask = 2147483647;
			files = (
				17B4B3E618EA478600C737EA /* InfoPlist.strings in Resources */,
			);
			runOnlyForDeploymentPostprocessing = 0;
		};
/* End PBXResourcesBuildPhase section */

/* Begin PBXSourcesBuildPhase section */
		17B4B3B218EA478600C737EA /* Sources */ = {
			isa = PBXSourcesBuildPhase;
			buildActionMask = 2147483647;
			files = (
				17B4B3CA18EA478600C737EA /* HHAppDelegate.m in Sources */,
				17B4B40818EF468B00C737EA /* HHNote.m in Sources */,
				17B4B40518ECF95700C737EA /* HHNewNoteViewController.m in Sources */,
				17B4B3FF18ECF2AB00C737EA /* HHMapViewController.m in Sources */,
				17B4B3F918ECEDF700C737EA /* Note.xcdatamodeld in Sources */,
				17B4B3C618EA478600C737EA /* main.m in Sources */,
				17B4B40B18EF7C7300C737EA /* HHNoteViewController.m in Sources */,
				17B4B3FC18ECEE8200C737EA /* Note.m in Sources */,
			);
			runOnlyForDeploymentPostprocessing = 0;
		};
		17B4B3D618EA478600C737EA /* Sources */ = {
			isa = PBXSourcesBuildPhase;
			buildActionMask = 2147483647;
			files = (
				17B4B3E818EA478600C737EA /* LocationNotesTests.m in Sources */,
			);
			runOnlyForDeploymentPostprocessing = 0;
		};
/* End PBXSourcesBuildPhase section */

/* Begin PBXTargetDependency section */
		17B4B3E018EA478600C737EA /* PBXTargetDependency */ = {
			isa = PBXTargetDependency;
			target = 17B4B3B518EA478600C737EA /* LocationNotes */;
			targetProxy = 17B4B3DF18EA478600C737EA /* PBXContainerItemProxy */;
		};
/* End PBXTargetDependency section */

/* Begin PBXVariantGroup section */
		17B4B3C218EA478600C737EA /* InfoPlist.strings */ = {
			isa = PBXVariantGroup;
			children = (
				17B4B3C318EA478600C737EA /* en */,
			);
			name = InfoPlist.strings;
			sourceTree = "<group>";
		};
		17B4B3CB18EA478600C737EA /* Main.storyboard */ = {
			isa = PBXVariantGroup;
			children = (
				17B4B3CC18EA478600C737EA /* Base */,
			);
			name = Main.storyboard;
			sourceTree = "<group>";
		};
		17B4B3E418EA478600C737EA /* InfoPlist.strings */ = {
			isa = PBXVariantGroup;
			children = (
				17B4B3E518EA478600C737EA /* en */,
			);
			name = InfoPlist.strings;
			sourceTree = "<group>";
		};
/* End PBXVariantGroup section */

/* Begin XCBuildConfiguration section */
		17B4B3E918EA478600C737EA /* Debug */ = {
			isa = XCBuildConfiguration;
			buildSettings = {
				ALWAYS_SEARCH_USER_PATHS = NO;
				ARCHS = "$(ARCHS_STANDARD_INCLUDING_64_BIT)";
				CLANG_CXX_LANGUAGE_STANDARD = "gnu++0x";
				CLANG_CXX_LIBRARY = "libc++";
				CLANG_ENABLE_MODULES = YES;
				CLANG_ENABLE_OBJC_ARC = YES;
				CLANG_WARN_BOOL_CONVERSION = YES;
				CLANG_WARN_CONSTANT_CONVERSION = YES;
				CLANG_WARN_DIRECT_OBJC_ISA_USAGE = YES_ERROR;
				CLANG_WARN_EMPTY_BODY = YES;
				CLANG_WARN_ENUM_CONVERSION = YES;
				CLANG_WARN_INT_CONVERSION = YES;
				CLANG_WARN_OBJC_ROOT_CLASS = YES_ERROR;
				CLANG_WARN__DUPLICATE_METHOD_MATCH = YES;
				"CODE_SIGN_IDENTITY[sdk=iphoneos*]" = "iPhone Developer";
				COPY_PHASE_STRIP = NO;
				GCC_C_LANGUAGE_STANDARD = gnu99;
				GCC_DYNAMIC_NO_PIC = NO;
				GCC_OPTIMIZATION_LEVEL = 0;
				GCC_PREPROCESSOR_DEFINITIONS = (
					"DEBUG=1",
					"$(inherited)",
				);
				GCC_SYMBOLS_PRIVATE_EXTERN = NO;
				GCC_WARN_64_TO_32_BIT_CONVERSION = YES;
				GCC_WARN_ABOUT_RETURN_TYPE = YES_ERROR;
				GCC_WARN_UNDECLARED_SELECTOR = YES;
				GCC_WARN_UNINITIALIZED_AUTOS = YES;
				GCC_WARN_UNUSED_FUNCTION = YES;
				GCC_WARN_UNUSED_VARIABLE = YES;
				IPHONEOS_DEPLOYMENT_TARGET = 7.0;
				ONLY_ACTIVE_ARCH = YES;
				SDKROOT = iphoneos;
			};
			name = Debug;
		};
		17B4B3EA18EA478600C737EA /* Release */ = {
			isa = XCBuildConfiguration;
			buildSettings = {
				ALWAYS_SEARCH_USER_PATHS = NO;
				ARCHS = "$(ARCHS_STANDARD_INCLUDING_64_BIT)";
				CLANG_CXX_LANGUAGE_STANDARD = "gnu++0x";
				CLANG_CXX_LIBRARY = "libc++";
				CLANG_ENABLE_MODULES = YES;
				CLANG_ENABLE_OBJC_ARC = YES;
				CLANG_WARN_BOOL_CONVERSION = YES;
				CLANG_WARN_CONSTANT_CONVERSION = YES;
				CLANG_WARN_DIRECT_OBJC_ISA_USAGE = YES_ERROR;
				CLANG_WARN_EMPTY_BODY = YES;
				CLANG_WARN_ENUM_CONVERSION = YES;
				CLANG_WARN_INT_CONVERSION = YES;
				CLANG_WARN_OBJC_ROOT_CLASS = YES_ERROR;
				CLANG_WARN__DUPLICATE_METHOD_MATCH = YES;
				"CODE_SIGN_IDENTITY[sdk=iphoneos*]" = "iPhone Developer";
				COPY_PHASE_STRIP = YES;
				ENABLE_NS_ASSERTIONS = NO;
				GCC_C_LANGUAGE_STANDARD = gnu99;
				GCC_WARN_64_TO_32_BIT_CONVERSION = YES;
				GCC_WARN_ABOUT_RETURN_TYPE = YES_ERROR;
				GCC_WARN_UNDECLARED_SELECTOR = YES;
				GCC_WARN_UNINITIALIZED_AUTOS = YES;
				GCC_WARN_UNUSED_FUNCTION = YES;
				GCC_WARN_UNUSED_VARIABLE = YES;
				IPHONEOS_DEPLOYMENT_TARGET = 7.0;
				SDKROOT = iphoneos;
				VALIDATE_PRODUCT = YES;
			};
			name = Release;
		};
		17B4B3EC18EA478600C737EA /* Debug */ = {
			isa = XCBuildConfiguration;
			buildSettings = {
				ASSETCATALOG_COMPILER_APPICON_NAME = AppIcon;
				ASSETCATALOG_COMPILER_LAUNCHIMAGE_NAME = LaunchImage;
				GCC_PRECOMPILE_PREFIX_HEADER = YES;
				GCC_PREFIX_HEADER = "LocationNotes/LocationNotes-Prefix.pch";
				INFOPLIST_FILE = "LocationNotes/LocationNotes-Info.plist";
				PRODUCT_NAME = "$(TARGET_NAME)";
				WRAPPER_EXTENSION = app;
			};
			name = Debug;
		};
		17B4B3ED18EA478600C737EA /* Release */ = {
			isa = XCBuildConfiguration;
			buildSettings = {
				ASSETCATALOG_COMPILER_APPICON_NAME = AppIcon;
				ASSETCATALOG_COMPILER_LAUNCHIMAGE_NAME = LaunchImage;
				GCC_PRECOMPILE_PREFIX_HEADER = YES;
				GCC_PREFIX_HEADER = "LocationNotes/LocationNotes-Prefix.pch";
				INFOPLIST_FILE = "LocationNotes/LocationNotes-Info.plist";
				PRODUCT_NAME = "$(TARGET_NAME)";
				WRAPPER_EXTENSION = app;
			};
			name = Release;
		};
		17B4B3EF18EA478600C737EA /* Debug */ = {
			isa = XCBuildConfiguration;
			buildSettings = {
				ARCHS = "$(ARCHS_STANDARD_INCLUDING_64_BIT)";
				BUNDLE_LOADER = "$(BUILT_PRODUCTS_DIR)/LocationNotes.app/LocationNotes";
				FRAMEWORK_SEARCH_PATHS = (
					"$(SDKROOT)/Developer/Library/Frameworks",
					"$(inherited)",
					"$(DEVELOPER_FRAMEWORKS_DIR)",
				);
				GCC_PRECOMPILE_PREFIX_HEADER = YES;
				GCC_PREFIX_HEADER = "LocationNotes/LocationNotes-Prefix.pch";
				GCC_PREPROCESSOR_DEFINITIONS = (
					"DEBUG=1",
					"$(inherited)",
				);
				INFOPLIST_FILE = "LocationNotesTests/LocationNotesTests-Info.plist";
				PRODUCT_NAME = "$(TARGET_NAME)";
				TEST_HOST = "$(BUNDLE_LOADER)";
				WRAPPER_EXTENSION = xctest;
			};
			name = Debug;
		};
		17B4B3F018EA478600C737EA /* Release */ = {
			isa = XCBuildConfiguration;
			buildSettings = {
				ARCHS = "$(ARCHS_STANDARD_INCLUDING_64_BIT)";
				BUNDLE_LOADER = "$(BUILT_PRODUCTS_DIR)/LocationNotes.app/LocationNotes";
				FRAMEWORK_SEARCH_PATHS = (
					"$(SDKROOT)/Developer/Library/Frameworks",
					"$(inherited)",
					"$(DEVELOPER_FRAMEWORKS_DIR)",
				);
				GCC_PRECOMPILE_PREFIX_HEADER = YES;
				GCC_PREFIX_HEADER = "LocationNotes/LocationNotes-Prefix.pch";
				INFOPLIST_FILE = "LocationNotesTests/LocationNotesTests-Info.plist";
				PRODUCT_NAME = "$(TARGET_NAME)";
				TEST_HOST = "$(BUNDLE_LOADER)";
				WRAPPER_EXTENSION = xctest;
			};
			name = Release;
		};
/* End XCBuildConfiguration section */

/* Begin XCConfigurationList section */
		17B4B3B118EA478600C737EA /* Build configuration list for PBXProject "LocationNotes" */ = {
			isa = XCConfigurationList;
			buildConfigurations = (
				17B4B3E918EA478600C737EA /* Debug */,
				17B4B3EA18EA478600C737EA /* Release */,
			);
			defaultConfigurationIsVisible = 0;
			defaultConfigurationName = Release;
		};
		17B4B3EB18EA478600C737EA /* Build configuration list for PBXNativeTarget "LocationNotes" */ = {
			isa = XCConfigurationList;
			buildConfigurations = (
				17B4B3EC18EA478600C737EA /* Debug */,
				17B4B3ED18EA478600C737EA /* Release */,
			);
			defaultConfigurationIsVisible = 0;
		};
		17B4B3EE18EA478600C737EA /* Build configuration list for PBXNativeTarget "LocationNotesTests" */ = {
			isa = XCConfigurationList;
			buildConfigurations = (
				17B4B3EF18EA478600C737EA /* Debug */,
				17B4B3F018EA478600C737EA /* Release */,
			);
			defaultConfigurationIsVisible = 0;
		};
/* End XCConfigurationList section */

/* Begin XCVersionGroup section */
		17B4B3F718ECEDF700C737EA /* Note.xcdatamodeld */ = {
			isa = XCVersionGroup;
			children = (
				17B4B3F818ECEDF700C737EA /* Note.xcdatamodel */,
			);
			currentVersion = 17B4B3F818ECEDF700C737EA /* Note.xcdatamodel */;
			name = Note.xcdatamodeld;
			path = ../Note.xcdatamodeld;
			sourceTree = "<group>";
			versionGroupType = wrapper.xcdatamodel;
		};
/* End XCVersionGroup section */
	};
	rootObject = 17B4B3AE18EA478600C737EA /* Project object */;
}
